
Microsoft Visual Studio Solution File, Format Version 12.00
# Visual Studio Version 17
VisualStudioVersion = 17.14.36301.6 d17.14
MinimumVisualStudioVersion = 10.0.40219.1
Project("{FAE04EC0-301F-11D3-BF4B-00C04F79EFBC}") = "CustomerProfileService.Api", "CustomerProfileService.Api\CustomerProfileService.Api.csproj", "{608B4467-ADFA-43B9-98BC-A9B0B6D3C400}"
EndProject
Project("{FAE04EC0-301F-11D3-BF4B-00C04F79EFBC}") = "CustomerProfileService.Infrastructure", "CustomerProfileService.Infrastructure\CustomerProfileService.Infrastructure.csproj", "{F1E9BFF9-6CBC-4F6A-BA4A-969FF6EB203A}"
EndProject
Project("{FAE04EC0-301F-11D3-BF4B-00C04F79EFBC}") = "CustomerProfileService.Application", "CustomerProfileService.Application\CustomerProfileService.Application.csproj", "{EE27C495-8F18-49DD-AF18-CEA15B9BF7FF}"
EndProject
Project("{FAE04EC0-301F-11D3-BF4B-00C04F79EFBC}") = "CustomerProfileService.Domain", "CustomerProfileService.Domain\CustomerProfileService.Domain.csproj", "{3E81D6BD-5392-4224-9492-1E4A443A6B20}"
EndProject
Global
	GlobalSection(SolutionConfigurationPlatforms) = preSolution
		Debug|Any CPU = Debug|Any CPU
		Release|Any CPU = Release|Any CPU
	EndGlobalSection
	GlobalSection(ProjectConfigurationPlatforms) = postSolution
		{608B4467-ADFA-43B9-98BC-A9B0B6D3C400}.Debug|Any CPU.ActiveCfg = Debug|Any CPU
		{608B4467-ADFA-43B9-98BC-A9B0B6D3C400}.Debug|Any CPU.Build.0 = Debug|Any CPU
		{608B4467-ADFA-43B9-98BC-A9B0B6D3C400}.Release|Any CPU.ActiveCfg = Release|Any CPU
		{608B4467-ADFA-43B9-98BC-A9B0B6D3C400}.Release|Any CPU.Build.0 = Release|Any CPU
		{F1E9BFF9-6CBC-4F6A-BA4A-969FF6EB203A}.Debug|Any CPU.ActiveCfg = Debug|Any CPU
		{F1E9BFF9-6CBC-4F6A-BA4A-969FF6EB203A}.Debug|Any CPU.Build.0 = Debug|Any CPU
		{F1E9BFF9-6CBC-4F6A-BA4A-969FF6EB203A}.Release|Any CPU.ActiveCfg = Release|Any CPU
		{F1E9BFF9-6CBC-4F6A-BA4A-969FF6EB203A}.Release|Any CPU.Build.0 = Release|Any CPU
		{EE27C495-8F18-49DD-AF18-CEA15B9BF7FF}.Debug|Any CPU.ActiveCfg = Debug|Any CPU
		{EE27C495-8F18-49DD-AF18-CEA15B9BF7FF}.Debug|Any CPU.Build.0 = Debug|Any CPU
		{EE27C495-8F18-49DD-AF18-CEA15B9BF7FF}.Release|Any CPU.ActiveCfg = Release|Any CPU
		{EE27C495-8F18-49DD-AF18-CEA15B9BF7FF}.Release|Any CPU.Build.0 = Release|Any CPU
		{3E81D6BD-5392-4224-9492-1E4A443A6B20}.Debug|Any CPU.ActiveCfg = Debug|Any CPU
		{3E81D6BD-5392-4224-9492-1E4A443A6B20}.Debug|Any CPU.Build.0 = Debug|Any CPU
		{3E81D6BD-5392-4224-9492-1E4A443A6B20}.Release|Any CPU.ActiveCfg = Release|Any CPU
		{3E81D6BD-5392-4224-9492-1E4A443A6B20}.Release|Any CPU.Build.0 = Release|Any CPU
	EndGlobalSection
	GlobalSection(SolutionProperties) = preSolution
		HideSolutionNode = FALSE
	EndGlobalSection
	GlobalSection(ExtensibilityGlobals) = postSolution
		SolutionGuid = {FE9D5C58-609D-4269-AFD6-606EC9534C4C}
	EndGlobalSection
EndGlobal
