
Microsoft Visual Studio Solution File, Format Version 12.00
# Visual Studio Version 17
VisualStudioVersion = 17.14.36301.6
MinimumVisualStudioVersion = 10.0.40219.1
Project("{FAE04EC0-301F-11D3-BF4B-00C04F79EFBC}") = "TransactionEventService.Api", "TransactionEventService.Api\TransactionEventService.Api.csproj", "{A78C84CC-40BD-4907-9B34-26F0EBD781BF}"
EndProject
Project("{FAE04EC0-301F-11D3-BF4B-00C04F79EFBC}") = "TransactionEventService.Application", "TransactionEventService.Application\TransactionEventService.Application.csproj", "{20BA8869-947D-4642-BC70-DDB8047D10C8}"
EndProject
Project("{FAE04EC0-301F-11D3-BF4B-00C04F79EFBC}") = "TransactionEventService.Domain", "TransactionEventService.Domain\TransactionEventService.Domain.csproj", "{0C988CF6-BEFD-44EA-BDD0-8424DF8BB05A}"
EndProject
Project("{FAE04EC0-301F-11D3-BF4B-00C04F79EFBC}") = "TransactionEventService.Infrastructure", "TransactionEventService.Infrastructure\TransactionEventService.Infrastructure.csproj", "{F0F39B27-69FA-4247-91DD-7C5C94C84312}"
EndProject
Global
	GlobalSection(SolutionConfigurationPlatforms) = preSolution
		Debug|Any CPU = Debug|Any CPU
		Release|Any CPU = Release|Any CPU
	EndGlobalSection
	GlobalSection(ProjectConfigurationPlatforms) = postSolution
		{A78C84CC-40BD-4907-9B34-26F0EBD781BF}.Debug|Any CPU.ActiveCfg = Debug|Any CPU
		{A78C84CC-40BD-4907-9B34-26F0EBD781BF}.Debug|Any CPU.Build.0 = Debug|Any CPU
		{A78C84CC-40BD-4907-9B34-26F0EBD781BF}.Release|Any CPU.ActiveCfg = Release|Any CPU
		{A78C84CC-40BD-4907-9B34-26F0EBD781BF}.Release|Any CPU.Build.0 = Release|Any CPU
		{20BA8869-947D-4642-BC70-DDB8047D10C8}.Debug|Any CPU.ActiveCfg = Debug|Any CPU
		{20BA8869-947D-4642-BC70-DDB8047D10C8}.Debug|Any CPU.Build.0 = Debug|Any CPU
		{20BA8869-947D-4642-BC70-DDB8047D10C8}.Release|Any CPU.ActiveCfg = Release|Any CPU
		{20BA8869-947D-4642-BC70-DDB8047D10C8}.Release|Any CPU.Build.0 = Release|Any CPU
		{0C988CF6-BEFD-44EA-BDD0-8424DF8BB05A}.Debug|Any CPU.ActiveCfg = Debug|Any CPU
		{0C988CF6-BEFD-44EA-BDD0-8424DF8BB05A}.Debug|Any CPU.Build.0 = Debug|Any CPU
		{0C988CF6-BEFD-44EA-BDD0-8424DF8BB05A}.Release|Any CPU.ActiveCfg = Release|Any CPU
		{0C988CF6-BEFD-44EA-BDD0-8424DF8BB05A}.Release|Any CPU.Build.0 = Release|Any CPU
		{F0F39B27-69FA-4247-91DD-7C5C94C84312}.Debug|Any CPU.ActiveCfg = Debug|Any CPU
		{F0F39B27-69FA-4247-91DD-7C5C94C84312}.Debug|Any CPU.Build.0 = Debug|Any CPU
		{F0F39B27-69FA-4247-91DD-7C5C94C84312}.Release|Any CPU.ActiveCfg = Release|Any CPU
		{F0F39B27-69FA-4247-91DD-7C5C94C84312}.Release|Any CPU.Build.0 = Release|Any CPU
	EndGlobalSection
	GlobalSection(SolutionProperties) = preSolution
		HideSolutionNode = FALSE
	EndGlobalSection
	GlobalSection(ExtensibilityGlobals) = postSolution
		SolutionGuid = {444E89C6-7910-465E-BBE8-C0A87A5C46AD}
	EndGlobalSection
EndGlobal
