
Microsoft Visual Studio Solution File, Format Version 12.00
# Visual Studio Version 17
VisualStudioVersion = 17.14.36301.6 d17.14
MinimumVisualStudioVersion = 10.0.40219.1
Project("{FAE04EC0-301F-11D3-BF4B-00C04F79EFBC}") = "TransactionEventService.Api", "TransactionEventService.Api\TransactionEventService.Api.csproj", "{A78C84CC-40BD-4907-9B34-26F0EBD781BF}"
EndProject
Global
	GlobalSection(SolutionConfigurationPlatforms) = preSolution
		Debug|Any CPU = Debug|Any CPU
		Release|Any CPU = Release|Any CPU
	EndGlobalSection
	GlobalSection(ProjectConfigurationPlatforms) = postSolution
		{A78C84CC-40BD-4907-9B34-26F0EBD781BF}.Debug|Any CPU.ActiveCfg = Debug|Any CPU
		{A78C84CC-40BD-4907-9B34-26F0EBD781BF}.Debug|Any CPU.Build.0 = Debug|Any CPU
		{A78C84CC-40BD-4907-9B34-26F0EBD781BF}.Release|Any CPU.ActiveCfg = Release|Any CPU
		{A78C84CC-40BD-4907-9B34-26F0EBD781BF}.Release|Any CPU.Build.0 = Release|Any CPU
	EndGlobalSection
	GlobalSection(SolutionProperties) = preSolution
		HideSolutionNode = FALSE
	EndGlobalSection
	GlobalSection(ExtensibilityGlobals) = postSolution
		SolutionGuid = {444E89C6-7910-465E-BBE8-C0A87A5C46AD}
	EndGlobalSection
EndGlobal
